
Microsoft Visual Studio Solution File, Format Version 12.00
# Visual Studio Version 16
VisualStudioVersion = 16.0.29519.181
MinimumVisualStudioVersion = 10.0.40219.1
Project("{FAE04EC0-301F-11D3-BF4B-00C04F79EFBC}") = "VisualStudioDemo", "VisualStudioDemo.csproj", "{E05DD81D-512F-469C-9418-7CE70E174F8E}"
EndProject
Global
	GlobalSection(SolutionConfigurationPlatforms) = preSolution
		Debug|Any CPU = Debug|Any CPU
		Release|Any CPU = Release|Any CPU
	EndGlobalSection
	GlobalSection(ProjectConfigurationPlatforms) = postSolution
		{E05DD81D-512F-469C-9418-7CE70E174F8E}.Debug|Any CPU.ActiveCfg = Debug|Any CPU
		{E05DD81D-512F-469C-9418-7CE70E174F8E}.Debug|Any CPU.Build.0 = Debug|Any CPU
		{E05DD81D-512F-469C-9418-7CE70E174F8E}.Release|Any CPU.ActiveCfg = Release|Any CPU
		{E05DD81D-512F-469C-9418-7CE70E174F8E}.Release|Any CPU.Build.0 = Release|Any CPU
	EndGlobalSection
	GlobalSection(SolutionProperties) = preSolution
		HideSolutionNode = FALSE
	EndGlobalSection
	GlobalSection(ExtensibilityGlobals) = postSolution
		SolutionGuid = {B68D5DE8-5047-418B-86D8-C22DCF057F37}
	EndGlobalSection
EndGlobal
